
Microsoft Visual Studio Solution File, Format Version 12.00
# Visual Studio 2013
VisualStudioVersion = 12.0.30723.0
MinimumVisualStudioVersion = 10.0.40219.1
Project("{FAE04EC0-301F-11D3-BF4B-00C04F79EFBC}") = "Consumer", "Consumer\Consumer.csproj", "{55D8B882-B367-446C-8A8D-BCF5B18126C3}"
EndProject
Project("{FAE04EC0-301F-11D3-BF4B-00C04F79EFBC}") = "Web", "Web\Web.csproj", "{41AA0435-250B-4843-9A06-D7E32A8A661A}"
EndProject
Project("{FAE04EC0-301F-11D3-BF4B-00C04F79EFBC}") = "CallProducer", "CallProducer\CallProducer.csproj", "{1BC4CF35-CBAF-4435-B0C9-C3C368F124AD}"
EndProject
Project("{2150E333-8FDC-42A3-9474-1A3956D46DE8}") = ".nuget", ".nuget", "{737D2C24-9D28-43B1-918C-1968585D94AC}"
	ProjectSection(SolutionItems) = preProject
		.nuget\NuGet.Config = .nuget\NuGet.Config
		.nuget\NuGet.exe = .nuget\NuGet.exe
		.nuget\NuGet.targets = .nuget\NuGet.targets
	EndProjectSection
EndProject
Global
	GlobalSection(SolutionConfigurationPlatforms) = preSolution
		Debug|Any CPU = Debug|Any CPU
		Release|Any CPU = Release|Any CPU
	EndGlobalSection
	GlobalSection(ProjectConfigurationPlatforms) = postSolution
		{55D8B882-B367-446C-8A8D-BCF5B18126C3}.Debug|Any CPU.ActiveCfg = Debug|Any CPU
		{55D8B882-B367-446C-8A8D-BCF5B18126C3}.Debug|Any CPU.Build.0 = Debug|Any CPU
		{55D8B882-B367-446C-8A8D-BCF5B18126C3}.Release|Any CPU.ActiveCfg = Release|Any CPU
		{55D8B882-B367-446C-8A8D-BCF5B18126C3}.Release|Any CPU.Build.0 = Release|Any CPU
		{41AA0435-250B-4843-9A06-D7E32A8A661A}.Debug|Any CPU.ActiveCfg = Debug|Any CPU
		{41AA0435-250B-4843-9A06-D7E32A8A661A}.Debug|Any CPU.Build.0 = Debug|Any CPU
		{41AA0435-250B-4843-9A06-D7E32A8A661A}.Release|Any CPU.ActiveCfg = Release|Any CPU
		{41AA0435-250B-4843-9A06-D7E32A8A661A}.Release|Any CPU.Build.0 = Release|Any CPU
		{1BC4CF35-CBAF-4435-B0C9-C3C368F124AD}.Debug|Any CPU.ActiveCfg = Debug|Any CPU
		{1BC4CF35-CBAF-4435-B0C9-C3C368F124AD}.Debug|Any CPU.Build.0 = Debug|Any CPU
		{1BC4CF35-CBAF-4435-B0C9-C3C368F124AD}.Release|Any CPU.ActiveCfg = Release|Any CPU
		{1BC4CF35-CBAF-4435-B0C9-C3C368F124AD}.Release|Any CPU.Build.0 = Release|Any CPU
	EndGlobalSection
	GlobalSection(SolutionProperties) = preSolution
		HideSolutionNode = FALSE
	EndGlobalSection
EndGlobal
